// !$*UTF8*$!
{
	archiveVersion = 1;
	classes = {
	};
	objectVersion = 56;
	objects = {

/* Begin PBXBuildFile section */
		C81F00722AB843930032F371 /* ToDo_AppApp.swift in Sources */ = {isa = PBXBuildFile; fileRef = C81F00712AB843930032F371 /* ToDo_AppApp.swift */; };
		C81F00742AB843930032F371 /* ContentView.swift in Sources */ = {isa = PBXBuildFile; fileRef = C81F00732AB843930032F371 /* ContentView.swift */; };
		C81F00762AB843940032F371 /* Assets.xcassets in Resources */ = {isa = PBXBuildFile; fileRef = C81F00752AB843940032F371 /* Assets.xcassets */; };
		C81F00792AB843940032F371 /* Preview Assets.xcassets in Resources */ = {isa = PBXBuildFile; fileRef = C81F00782AB843940032F371 /* Preview Assets.xcassets */; };
		C81F007B2AB843940032F371 /* Persistence.swift in Sources */ = {isa = PBXBuildFile; fileRef = C81F007A2AB843940032F371 /* Persistence.swift */; };
		C81F007E2AB843940032F371 /* ToDo_App.xcdatamodeld in Sources */ = {isa = PBXBuildFile; fileRef = C81F007C2AB843940032F371 /* ToDo_App.xcdatamodeld */; };
		C81F00862AB843E10032F371 /* AddTodoView.swift in Sources */ = {isa = PBXBuildFile; fileRef = C81F00852AB843E10032F371 /* AddTodoView.swift */; };
		C81F00882AB846FF0032F371 /* ToDoListScene.swift in Sources */ = {isa = PBXBuildFile; fileRef = C81F00872AB846FF0032F371 /* ToDoListScene.swift */; };
		C81F008B2AB8635E0032F371 /* LaunchScreen.swift in Sources */ = {isa = PBXBuildFile; fileRef = C81F008A2AB8635E0032F371 /* LaunchScreen.swift */; };
		C81F008E2AB8661B0032F371 /* EmptyListView.swift in Sources */ = {isa = PBXBuildFile; fileRef = C81F008D2AB8661B0032F371 /* EmptyListView.swift */; };
		C89E3E6F2AB988E100E1C1DB /* SettingsScene.swift in Sources */ = {isa = PBXBuildFile; fileRef = C89E3E6E2AB988E100E1C1DB /* SettingsScene.swift */; };
		C89E3E712AB98BB800E1C1DB /* FormRowStaticView.swift in Sources */ = {isa = PBXBuildFile; fileRef = C89E3E702AB98BB800E1C1DB /* FormRowStaticView.swift */; };
		C89E3E732AB98E3700E1C1DB /* FormRowLinkView.swift in Sources */ = {isa = PBXBuildFile; fileRef = C89E3E722AB98E3700E1C1DB /* FormRowLinkView.swift */; };
		C89E3E762AB9933500E1C1DB /* Pink.png in Resources */ = {isa = PBXBuildFile; fileRef = C89E3E752AB9933500E1C1DB /* Pink.png */; };
		C89E3E802AB9934B00E1C1DB /* Green.png in Resources */ = {isa = PBXBuildFile; fileRef = C89E3E772AB9934A00E1C1DB /* Green.png */; };
		C89E3E822AB9934B00E1C1DB /* Blue Light.png in Resources */ = {isa = PBXBuildFile; fileRef = C89E3E792AB9934A00E1C1DB /* Blue Light.png */; };
		C89E3E832AB9934B00E1C1DB /* Pink Light.png in Resources */ = {isa = PBXBuildFile; fileRef = C89E3E7A2AB9934A00E1C1DB /* Pink Light.png */; };
		C89E3E842AB9934B00E1C1DB /* Pink Dark.png in Resources */ = {isa = PBXBuildFile; fileRef = C89E3E7B2AB9934A00E1C1DB /* Pink Dark.png */; };
		C89E3E852AB9934B00E1C1DB /* Green Dark.png in Resources */ = {isa = PBXBuildFile; fileRef = C89E3E7C2AB9934A00E1C1DB /* Green Dark.png */; };
		C89E3E862AB9934B00E1C1DB /* Blue.png in Resources */ = {isa = PBXBuildFile; fileRef = C89E3E7D2AB9934A00E1C1DB /* Blue.png */; };
		C89E3E872AB9934B00E1C1DB /* Blue Dark.png in Resources */ = {isa = PBXBuildFile; fileRef = C89E3E7E2AB9934A00E1C1DB /* Blue Dark.png */; };
		C89E3E882AB9934B00E1C1DB /* Green Light.png in Resources */ = {isa = PBXBuildFile; fileRef = C89E3E7F2AB9934B00E1C1DB /* Green Light.png */; };
		C89E3E8B2AB99A9700E1C1DB /* ThemeModel.swift in Sources */ = {isa = PBXBuildFile; fileRef = C89E3E8A2AB99A9700E1C1DB /* ThemeModel.swift */; };
		C89E3E8D2AB99DE700E1C1DB /* ThemeData.swift in Sources */ = {isa = PBXBuildFile; fileRef = C89E3E8C2AB99DE700E1C1DB /* ThemeData.swift */; };
		C89E3E8F2AB99EEB00E1C1DB /* ThemeSettings.swift in Sources */ = {isa = PBXBuildFile; fileRef = C89E3E8E2AB99EEB00E1C1DB /* ThemeSettings.swift */; };
/* End PBXBuildFile section */

/* Begin PBXFileReference section */
		C81F006E2AB843930032F371 /* ToDo App.app */ = {isa = PBXFileReference; explicitFileType = wrapper.application; includeInIndex = 0; path = "ToDo App.app"; sourceTree = BUILT_PRODUCTS_DIR; };
		C81F00712AB843930032F371 /* ToDo_AppApp.swift */ = {isa = PBXFileReference; lastKnownFileType = sourcecode.swift; path = ToDo_AppApp.swift; sourceTree = "<group>"; };
		C81F00732AB843930032F371 /* ContentView.swift */ = {isa = PBXFileReference; lastKnownFileType = sourcecode.swift; path = ContentView.swift; sourceTree = "<group>"; };
		C81F00752AB843940032F371 /* Assets.xcassets */ = {isa = PBXFileReference; lastKnownFileType = folder.assetcatalog; path = Assets.xcassets; sourceTree = "<group>"; };
		C81F00782AB843940032F371 /* Preview Assets.xcassets */ = {isa = PBXFileReference; lastKnownFileType = folder.assetcatalog; path = "Preview Assets.xcassets"; sourceTree = "<group>"; };
		C81F007A2AB843940032F371 /* Persistence.swift */ = {isa = PBXFileReference; lastKnownFileType = sourcecode.swift; path = Persistence.swift; sourceTree = "<group>"; };
		C81F007D2AB843940032F371 /* ToDo_App.xcdatamodel */ = {isa = PBXFileReference; lastKnownFileType = wrapper.xcdatamodel; path = ToDo_App.xcdatamodel; sourceTree = "<group>"; };
		C81F00852AB843E10032F371 /* AddTodoView.swift */ = {isa = PBXFileReference; lastKnownFileType = sourcecode.swift; path = AddTodoView.swift; sourceTree = "<group>"; };
		C81F00872AB846FF0032F371 /* ToDoListScene.swift */ = {isa = PBXFileReference; lastKnownFileType = sourcecode.swift; path = ToDoListScene.swift; sourceTree = "<group>"; };
		C81F008A2AB8635E0032F371 /* LaunchScreen.swift */ = {isa = PBXFileReference; lastKnownFileType = sourcecode.swift; path = LaunchScreen.swift; sourceTree = "<group>"; };
		C81F008C2AB864280032F371 /* ToDo-App-Info.plist */ = {isa = PBXFileReference; lastKnownFileType = text.plist; path = "ToDo-App-Info.plist"; sourceTree = SOURCE_ROOT; };
		C81F008D2AB8661B0032F371 /* EmptyListView.swift */ = {isa = PBXFileReference; lastKnownFileType = sourcecode.swift; path = EmptyListView.swift; sourceTree = "<group>"; };
		C89E3E6E2AB988E100E1C1DB /* SettingsScene.swift */ = {isa = PBXFileReference; lastKnownFileType = sourcecode.swift; path = SettingsScene.swift; sourceTree = "<group>"; };
		C89E3E702AB98BB800E1C1DB /* FormRowStaticView.swift */ = {isa = PBXFileReference; lastKnownFileType = sourcecode.swift; path = FormRowStaticView.swift; sourceTree = "<group>"; };
		C89E3E722AB98E3700E1C1DB /* FormRowLinkView.swift */ = {isa = PBXFileReference; lastKnownFileType = sourcecode.swift; path = FormRowLinkView.swift; sourceTree = "<group>"; };
		C89E3E752AB9933500E1C1DB /* Pink.png */ = {isa = PBXFileReference; lastKnownFileType = image.png; path = Pink.png; sourceTree = "<group>"; };
		C89E3E772AB9934A00E1C1DB /* Green.png */ = {isa = PBXFileReference; lastKnownFileType = image.png; path = Green.png; sourceTree = "<group>"; };
		C89E3E792AB9934A00E1C1DB /* Blue Light.png */ = {isa = PBXFileReference; lastKnownFileType = image.png; path = "Blue Light.png"; sourceTree = "<group>"; };
		C89E3E7A2AB9934A00E1C1DB /* Pink Light.png */ = {isa = PBXFileReference; lastKnownFileType = image.png; path = "Pink Light.png"; sourceTree = "<group>"; };
		C89E3E7B2AB9934A00E1C1DB /* Pink Dark.png */ = {isa = PBXFileReference; lastKnownFileType = image.png; path = "Pink Dark.png"; sourceTree = "<group>"; };
		C89E3E7C2AB9934A00E1C1DB /* Green Dark.png */ = {isa = PBXFileReference; lastKnownFileType = image.png; path = "Green Dark.png"; sourceTree = "<group>"; };
		C89E3E7D2AB9934A00E1C1DB /* Blue.png */ = {isa = PBXFileReference; lastKnownFileType = image.png; path = Blue.png; sourceTree = "<group>"; };
		C89E3E7E2AB9934A00E1C1DB /* Blue Dark.png */ = {isa = PBXFileReference; lastKnownFileType = image.png; path = "Blue Dark.png"; sourceTree = "<group>"; };
		C89E3E7F2AB9934B00E1C1DB /* Green Light.png */ = {isa = PBXFileReference; lastKnownFileType = image.png; path = "Green Light.png"; sourceTree = "<group>"; };
		C89E3E8A2AB99A9700E1C1DB /* ThemeModel.swift */ = {isa = PBXFileReference; lastKnownFileType = sourcecode.swift; path = ThemeModel.swift; sourceTree = "<group>"; };
		C89E3E8C2AB99DE700E1C1DB /* ThemeData.swift */ = {isa = PBXFileReference; lastKnownFileType = sourcecode.swift; path = ThemeData.swift; sourceTree = "<group>"; };
		C89E3E8E2AB99EEB00E1C1DB /* ThemeSettings.swift */ = {isa = PBXFileReference; lastKnownFileType = sourcecode.swift; path = ThemeSettings.swift; sourceTree = "<group>"; };
/* End PBXFileReference section */

/* Begin PBXFrameworksBuildPhase section */
		C81F006B2AB843930032F371 /* Frameworks */ = {
			isa = PBXFrameworksBuildPhase;
			buildActionMask = 2147483647;
			files = (
			);
			runOnlyForDeploymentPostprocessing = 0;
		};
/* End PBXFrameworksBuildPhase section */

/* Begin PBXGroup section */
		C81F00652AB843930032F371 = {
			isa = PBXGroup;
			children = (
				C81F00702AB843930032F371 /* ToDo App */,
				C81F006F2AB843930032F371 /* Products */,
			);
			sourceTree = "<group>";
		};
		C81F006F2AB843930032F371 /* Products */ = {
			isa = PBXGroup;
			children = (
				C81F006E2AB843930032F371 /* ToDo App.app */,
			);
			name = Products;
			sourceTree = "<group>";
		};
		C81F00702AB843930032F371 /* ToDo App */ = {
			isa = PBXGroup;
			children = (
				C89E3E892AB99A8300E1C1DB /* Theme */,
				C81F008C2AB864280032F371 /* ToDo-App-Info.plist */,
				C89E3E742AB9931B00E1C1DB /* Icons */,
				C81F00842AB843C60032F371 /* Scene */,
				C81F00712AB843930032F371 /* ToDo_AppApp.swift */,
				C81F00732AB843930032F371 /* ContentView.swift */,
				C81F00752AB843940032F371 /* Assets.xcassets */,
				C81F007A2AB843940032F371 /* Persistence.swift */,
				C81F007C2AB843940032F371 /* ToDo_App.xcdatamodeld */,
				C81F00772AB843940032F371 /* Preview Content */,
			);
			path = "ToDo App";
			sourceTree = "<group>";
		};
		C81F00772AB843940032F371 /* Preview Content */ = {
			isa = PBXGroup;
			children = (
				C81F00782AB843940032F371 /* Preview Assets.xcassets */,
			);
			path = "Preview Content";
			sourceTree = "<group>";
		};
		C81F00842AB843C60032F371 /* Scene */ = {
			isa = PBXGroup;
			children = (
				C81F00852AB843E10032F371 /* AddTodoView.swift */,
				C81F00872AB846FF0032F371 /* ToDoListScene.swift */,
				C81F008A2AB8635E0032F371 /* LaunchScreen.swift */,
				C81F008D2AB8661B0032F371 /* EmptyListView.swift */,
				C89E3E6E2AB988E100E1C1DB /* SettingsScene.swift */,
				C89E3E702AB98BB800E1C1DB /* FormRowStaticView.swift */,
				C89E3E722AB98E3700E1C1DB /* FormRowLinkView.swift */,
			);
			path = Scene;
			sourceTree = "<group>";
		};
		C89E3E742AB9931B00E1C1DB /* Icons */ = {
			isa = PBXGroup;
			children = (
				C89E3E7E2AB9934A00E1C1DB /* Blue Dark.png */,
				C89E3E792AB9934A00E1C1DB /* Blue Light.png */,
				C89E3E7D2AB9934A00E1C1DB /* Blue.png */,
				C89E3E7C2AB9934A00E1C1DB /* Green Dark.png */,
				C89E3E7F2AB9934B00E1C1DB /* Green Light.png */,
				C89E3E772AB9934A00E1C1DB /* Green.png */,
				C89E3E7B2AB9934A00E1C1DB /* Pink Dark.png */,
				C89E3E7A2AB9934A00E1C1DB /* Pink Light.png */,
				C89E3E752AB9933500E1C1DB /* Pink.png */,
			);
			path = Icons;
			sourceTree = "<group>";
		};
		C89E3E892AB99A8300E1C1DB /* Theme */ = {
			isa = PBXGroup;
			children = (
				C89E3E8A2AB99A9700E1C1DB /* ThemeModel.swift */,
				C89E3E8C2AB99DE700E1C1DB /* ThemeData.swift */,
				C89E3E8E2AB99EEB00E1C1DB /* ThemeSettings.swift */,
			);
			path = Theme;
			sourceTree = "<group>";
		};
/* End PBXGroup section */

/* Begin PBXNativeTarget section */
		C81F006D2AB843930032F371 /* ToDo App */ = {
			isa = PBXNativeTarget;
			buildConfigurationList = C81F00812AB843940032F371 /* Build configuration list for PBXNativeTarget "ToDo App" */;
			buildPhases = (
				C81F006A2AB843930032F371 /* Sources */,
				C81F006B2AB843930032F371 /* Frameworks */,
				C81F006C2AB843930032F371 /* Resources */,
			);
			buildRules = (
			);
			dependencies = (
			);
			name = "ToDo App";
			productName = "ToDo App";
			productReference = C81F006E2AB843930032F371 /* ToDo App.app */;
			productType = "com.apple.product-type.application";
		};
/* End PBXNativeTarget section */

/* Begin PBXProject section */
		C81F00662AB843930032F371 /* Project object */ = {
			isa = PBXProject;
			attributes = {
				BuildIndependentTargetsInParallel = 1;
				LastSwiftUpdateCheck = 1430;
				LastUpgradeCheck = 1430;
				TargetAttributes = {
					C81F006D2AB843930032F371 = {
						CreatedOnToolsVersion = 14.3.1;
					};
				};
			};
			buildConfigurationList = C81F00692AB843930032F371 /* Build configuration list for PBXProject "ToDo App" */;
			compatibilityVersion = "Xcode 14.0";
			developmentRegion = en;
			hasScannedForEncodings = 0;
			knownRegions = (
				en,
				Base,
			);
			mainGroup = C81F00652AB843930032F371;
			productRefGroup = C81F006F2AB843930032F371 /* Products */;
			projectDirPath = "";
			projectRoot = "";
			targets = (
				C81F006D2AB843930032F371 /* ToDo App */,
			);
		};
/* End PBXProject section */

/* Begin PBXResourcesBuildPhase section */
		C81F006C2AB843930032F371 /* Resources */ = {
			isa = PBXResourcesBuildPhase;
			buildActionMask = 2147483647;
			files = (
				C89E3E762AB9933500E1C1DB /* Pink.png in Resources */,
				C89E3E802AB9934B00E1C1DB /* Green.png in Resources */,
				C89E3E872AB9934B00E1C1DB /* Blue Dark.png in Resources */,
				C89E3E882AB9934B00E1C1DB /* Green Light.png in Resources */,
				C89E3E822AB9934B00E1C1DB /* Blue Light.png in Resources */,
				C89E3E842AB9934B00E1C1DB /* Pink Dark.png in Resources */,
				C81F00792AB843940032F371 /* Preview Assets.xcassets in Resources */,
				C89E3E852AB9934B00E1C1DB /* Green Dark.png in Resources */,
				C89E3E862AB9934B00E1C1DB /* Blue.png in Resources */,
				C81F00762AB843940032F371 /* Assets.xcassets in Resources */,
				C89E3E832AB9934B00E1C1DB /* Pink Light.png in Resources */,
			);
			runOnlyForDeploymentPostprocessing = 0;
		};
/* End PBXResourcesBuildPhase section */

/* Begin PBXSourcesBuildPhase section */
		C81F006A2AB843930032F371 /* Sources */ = {
			isa = PBXSourcesBuildPhase;
			buildActionMask = 2147483647;
			files = (
				C81F008B2AB8635E0032F371 /* LaunchScreen.swift in Sources */,
				C89E3E8D2AB99DE700E1C1DB /* ThemeData.swift in Sources */,
				C81F00882AB846FF0032F371 /* ToDoListScene.swift in Sources */,
				C81F007B2AB843940032F371 /* Persistence.swift in Sources */,
				C89E3E8B2AB99A9700E1C1DB /* ThemeModel.swift in Sources */,
				C81F00742AB843930032F371 /* ContentView.swift in Sources */,
				C81F008E2AB8661B0032F371 /* EmptyListView.swift in Sources */,
				C81F00722AB843930032F371 /* ToDo_AppApp.swift in Sources */,
				C89E3E6F2AB988E100E1C1DB /* SettingsScene.swift in Sources */,
				C89E3E732AB98E3700E1C1DB /* FormRowLinkView.swift in Sources */,
				C81F007E2AB843940032F371 /* ToDo_App.xcdatamodeld in Sources */,
				C81F00862AB843E10032F371 /* AddTodoView.swift in Sources */,
				C89E3E8F2AB99EEB00E1C1DB /* ThemeSettings.swift in Sources */,
				C89E3E712AB98BB800E1C1DB /* FormRowStaticView.swift in Sources */,
			);
			runOnlyForDeploymentPostprocessing = 0;
		};
/* End PBXSourcesBuildPhase section */

/* Begin XCBuildConfiguration section */
		C81F007F2AB843940032F371 /* Debug */ = {
			isa = XCBuildConfiguration;
			buildSettings = {
				ALWAYS_SEARCH_USER_PATHS = NO;
				CLANG_ANALYZER_NONNULL = YES;
				CLANG_ANALYZER_NUMBER_OBJECT_CONVERSION = YES_AGGRESSIVE;
				CLANG_CXX_LANGUAGE_STANDARD = "gnu++20";
				CLANG_ENABLE_MODULES = YES;
				CLANG_ENABLE_OBJC_ARC = YES;
				CLANG_ENABLE_OBJC_WEAK = YES;
				CLANG_WARN_BLOCK_CAPTURE_AUTORELEASING = YES;
				CLANG_WARN_BOOL_CONVERSION = YES;
				CLANG_WARN_COMMA = YES;
				CLANG_WARN_CONSTANT_CONVERSION = YES;
				CLANG_WARN_DEPRECATED_OBJC_IMPLEMENTATIONS = YES;
				CLANG_WARN_DIRECT_OBJC_ISA_USAGE = YES_ERROR;
				CLANG_WARN_DOCUMENTATION_COMMENTS = YES;
				CLANG_WARN_EMPTY_BODY = YES;
				CLANG_WARN_ENUM_CONVERSION = YES;
				CLANG_WARN_INFINITE_RECURSION = YES;
				CLANG_WARN_INT_CONVERSION = YES;
				CLANG_WARN_NON_LITERAL_NULL_CONVERSION = YES;
				CLANG_WARN_OBJC_IMPLICIT_RETAIN_SELF = YES;
				CLANG_WARN_OBJC_LITERAL_CONVERSION = YES;
				CLANG_WARN_OBJC_ROOT_CLASS = YES_ERROR;
				CLANG_WARN_QUOTED_INCLUDE_IN_FRAMEWORK_HEADER = YES;
				CLANG_WARN_RANGE_LOOP_ANALYSIS = YES;
				CLANG_WARN_STRICT_PROTOTYPES = YES;
				CLANG_WARN_SUSPICIOUS_MOVE = YES;
				CLANG_WARN_UNGUARDED_AVAILABILITY = YES_AGGRESSIVE;
				CLANG_WARN_UNREACHABLE_CODE = YES;
				CLANG_WARN__DUPLICATE_METHOD_MATCH = YES;
				COPY_PHASE_STRIP = NO;
				DEBUG_INFORMATION_FORMAT = dwarf;
				ENABLE_STRICT_OBJC_MSGSEND = YES;
				ENABLE_TESTABILITY = YES;
				GCC_C_LANGUAGE_STANDARD = gnu11;
				GCC_DYNAMIC_NO_PIC = NO;
				GCC_NO_COMMON_BLOCKS = YES;
				GCC_OPTIMIZATION_LEVEL = 0;
				GCC_PREPROCESSOR_DEFINITIONS = (
					"DEBUG=1",
					"$(inherited)",
				);
				GCC_WARN_64_TO_32_BIT_CONVERSION = YES;
				GCC_WARN_ABOUT_RETURN_TYPE = YES_ERROR;
				GCC_WARN_UNDECLARED_SELECTOR = YES;
				GCC_WARN_UNINITIALIZED_AUTOS = YES_AGGRESSIVE;
				GCC_WARN_UNUSED_FUNCTION = YES;
				GCC_WARN_UNUSED_VARIABLE = YES;
				IPHONEOS_DEPLOYMENT_TARGET = 16.4;
				MTL_ENABLE_DEBUG_INFO = INCLUDE_SOURCE;
				MTL_FAST_MATH = YES;
				ONLY_ACTIVE_ARCH = YES;
				SDKROOT = iphoneos;
				SWIFT_ACTIVE_COMPILATION_CONDITIONS = DEBUG;
				SWIFT_OPTIMIZATION_LEVEL = "-Onone";
			};
			name = Debug;
		};
		C81F00802AB843940032F371 /* Release */ = {
			isa = XCBuildConfiguration;
			buildSettings = {
				ALWAYS_SEARCH_USER_PATHS = NO;
				CLANG_ANALYZER_NONNULL = YES;
				CLANG_ANALYZER_NUMBER_OBJECT_CONVERSION = YES_AGGRESSIVE;
				CLANG_CXX_LANGUAGE_STANDARD = "gnu++20";
				CLANG_ENABLE_MODULES = YES;
				CLANG_ENABLE_OBJC_ARC = YES;
				CLANG_ENABLE_OBJC_WEAK = YES;
				CLANG_WARN_BLOCK_CAPTURE_AUTORELEASING = YES;
				CLANG_WARN_BOOL_CONVERSION = YES;
				CLANG_WARN_COMMA = YES;
				CLANG_WARN_CONSTANT_CONVERSION = YES;
				CLANG_WARN_DEPRECATED_OBJC_IMPLEMENTATIONS = YES;
				CLANG_WARN_DIRECT_OBJC_ISA_USAGE = YES_ERROR;
				CLANG_WARN_DOCUMENTATION_COMMENTS = YES;
				CLANG_WARN_EMPTY_BODY = YES;
				CLANG_WARN_ENUM_CONVERSION = YES;
				CLANG_WARN_INFINITE_RECURSION = YES;
				CLANG_WARN_INT_CONVERSION = YES;
				CLANG_WARN_NON_LITERAL_NULL_CONVERSION = YES;
				CLANG_WARN_OBJC_IMPLICIT_RETAIN_SELF = YES;
				CLANG_WARN_OBJC_LITERAL_CONVERSION = YES;
				CLANG_WARN_OBJC_ROOT_CLASS = YES_ERROR;
				CLANG_WARN_QUOTED_INCLUDE_IN_FRAMEWORK_HEADER = YES;
				CLANG_WARN_RANGE_LOOP_ANALYSIS = YES;
				CLANG_WARN_STRICT_PROTOTYPES = YES;
				CLANG_WARN_SUSPICIOUS_MOVE = YES;
				CLANG_WARN_UNGUARDED_AVAILABILITY = YES_AGGRESSIVE;
				CLANG_WARN_UNREACHABLE_CODE = YES;
				CLANG_WARN__DUPLICATE_METHOD_MATCH = YES;
				COPY_PHASE_STRIP = NO;
				DEBUG_INFORMATION_FORMAT = "dwarf-with-dsym";
				ENABLE_NS_ASSERTIONS = NO;
				ENABLE_STRICT_OBJC_MSGSEND = YES;
				GCC_C_LANGUAGE_STANDARD = gnu11;
				GCC_NO_COMMON_BLOCKS = YES;
				GCC_WARN_64_TO_32_BIT_CONVERSION = YES;
				GCC_WARN_ABOUT_RETURN_TYPE = YES_ERROR;
				GCC_WARN_UNDECLARED_SELECTOR = YES;
				GCC_WARN_UNINITIALIZED_AUTOS = YES_AGGRESSIVE;
				GCC_WARN_UNUSED_FUNCTION = YES;
				GCC_WARN_UNUSED_VARIABLE = YES;
				IPHONEOS_DEPLOYMENT_TARGET = 16.4;
				MTL_ENABLE_DEBUG_INFO = NO;
				MTL_FAST_MATH = YES;
				SDKROOT = iphoneos;
				SWIFT_COMPILATION_MODE = wholemodule;
				SWIFT_OPTIMIZATION_LEVEL = "-O";
				VALIDATE_PRODUCT = YES;
			};
			name = Release;
		};
		C81F00822AB843940032F371 /* Debug */ = {
			isa = XCBuildConfiguration;
			buildSettings = {
				ASSETCATALOG_COMPILER_APPICON_NAME = AppIcon;
				ASSETCATALOG_COMPILER_GLOBAL_ACCENT_COLOR_NAME = AccentColor;
				CODE_SIGN_STYLE = Automatic;
				CURRENT_PROJECT_VERSION = 1;
				DEVELOPMENT_ASSET_PATHS = "\"ToDo App/Preview Content\"";
				DEVELOPMENT_TEAM = FTU2HFGK26;
				ENABLE_PREVIEWS = YES;
				GENERATE_INFOPLIST_FILE = YES;
				INFOPLIST_FILE = "ToDo-App-Info.plist";
				INFOPLIST_KEY_UIApplicationSceneManifest_Generation = YES;
				INFOPLIST_KEY_UIApplicationSupportsIndirectInputEvents = YES;
				INFOPLIST_KEY_UISupportedInterfaceOrientations = UIInterfaceOrientationPortrait;
				LD_RUNPATH_SEARCH_PATHS = (
					"$(inherited)",
					"@executable_path/Frameworks",
				);
				MARKETING_VERSION = 1.0;
				PRODUCT_BUNDLE_IDENTIFIER = "me.ToDo-App";
				PRODUCT_NAME = "$(TARGET_NAME)";
				SUPPORTED_PLATFORMS = "iphoneos iphonesimulator";
				SUPPORTS_MACCATALYST = NO;
				SUPPORTS_MAC_DESIGNED_FOR_IPHONE_IPAD = NO;
				SWIFT_EMIT_LOC_STRINGS = YES;
				SWIFT_VERSION = 5.0;
				TARGETED_DEVICE_FAMILY = 1;
			};
			name = Debug;
		};
		C81F00832AB843940032F371 /* Release */ = {
			isa = XCBuildConfiguration;
			buildSettings = {
				ASSETCATALOG_COMPILER_APPICON_NAME = AppIcon;
				ASSETCATALOG_COMPILER_GLOBAL_ACCENT_COLOR_NAME = AccentColor;
				CODE_SIGN_STYLE = Automatic;
				CURRENT_PROJECT_VERSION = 1;
				DEVELOPMENT_ASSET_PATHS = "\"ToDo App/Preview Content\"";
				DEVELOPMENT_TEAM = FTU2HFGK26;
				ENABLE_PREVIEWS = YES;
				GENERATE_INFOPLIST_FILE = YES;
				INFOPLIST_FILE = "ToDo-App-Info.plist";
				INFOPLIST_KEY_UIApplicationSceneManifest_Generation = YES;
				INFOPLIST_KEY_UIApplicationSupportsIndirectInputEvents = YES;
				INFOPLIST_KEY_UISupportedInterfaceOrientations = UIInterfaceOrientationPortrait;
				LD_RUNPATH_SEARCH_PATHS = (
					"$(inherited)",
					"@executable_path/Frameworks",
				);
				MARKETING_VERSION = 1.0;
				PRODUCT_BUNDLE_IDENTIFIER = "me.ToDo-App";
				PRODUCT_NAME = "$(TARGET_NAME)";
				SUPPORTED_PLATFORMS = "iphoneos iphonesimulator";
				SUPPORTS_MACCATALYST = NO;
				SUPPORTS_MAC_DESIGNED_FOR_IPHONE_IPAD = NO;
				SWIFT_EMIT_LOC_STRINGS = YES;
				SWIFT_VERSION = 5.0;
				TARGETED_DEVICE_FAMILY = 1;
			};
			name = Release;
		};
/* End XCBuildConfiguration section */

/* Begin XCConfigurationList section */
		C81F00692AB843930032F371 /* Build configuration list for PBXProject "ToDo App" */ = {
			isa = XCConfigurationList;
			buildConfigurations = (
				C81F007F2AB843940032F371 /* Debug */,
				C81F00802AB843940032F371 /* Release */,
			);
			defaultConfigurationIsVisible = 0;
			defaultConfigurationName = Release;
		};
		C81F00812AB843940032F371 /* Build configuration list for PBXNativeTarget "ToDo App" */ = {
			isa = XCConfigurationList;
			buildConfigurations = (
				C81F00822AB843940032F371 /* Debug */,
				C81F00832AB843940032F371 /* Release */,
			);
			defaultConfigurationIsVisible = 0;
			defaultConfigurationName = Release;
		};
/* End XCConfigurationList section */

/* Begin XCVersionGroup section */
		C81F007C2AB843940032F371 /* ToDo_App.xcdatamodeld */ = {
			isa = XCVersionGroup;
			children = (
				C81F007D2AB843940032F371 /* ToDo_App.xcdatamodel */,
			);
			currentVersion = C81F007D2AB843940032F371 /* ToDo_App.xcdatamodel */;
			path = ToDo_App.xcdatamodeld;
			sourceTree = "<group>";
			versionGroupType = wrapper.xcdatamodel;
		};
/* End XCVersionGroup section */
	};
	rootObject = C81F00662AB843930032F371 /* Project object */;
}
